
Microsoft Visual Studio Solution File, Format Version 12.00
# Visual Studio Version 16
VisualStudioVersion = 16.0.30011.22
MinimumVisualStudioVersion = 10.0.40219.1
Project("{FAE04EC0-301F-11D3-BF4B-00C04F79EFBC}") = "дни недели switch", "дни недели switch\дни недели switch.csproj", "{792F57FB-C1DE-4FDD-8197-390E54A64974}"
EndProject
Global
	GlobalSection(SolutionConfigurationPlatforms) = preSolution
		Debug|Any CPU = Debug|Any CPU
		Release|Any CPU = Release|Any CPU
	EndGlobalSection
	GlobalSection(ProjectConfigurationPlatforms) = postSolution
		{792F57FB-C1DE-4FDD-8197-390E54A64974}.Debug|Any CPU.ActiveCfg = Debug|Any CPU
		{792F57FB-C1DE-4FDD-8197-390E54A64974}.Debug|Any CPU.Build.0 = Debug|Any CPU
		{792F57FB-C1DE-4FDD-8197-390E54A64974}.Release|Any CPU.ActiveCfg = Release|Any CPU
		{792F57FB-C1DE-4FDD-8197-390E54A64974}.Release|Any CPU.Build.0 = Release|Any CPU
	EndGlobalSection
	GlobalSection(SolutionProperties) = preSolution
		HideSolutionNode = FALSE
	EndGlobalSection
	GlobalSection(ExtensibilityGlobals) = postSolution
		SolutionGuid = {0F185E64-90E5-4091-BDD7-5F64E31EB9FF}
	EndGlobalSection
EndGlobal
